{
  "name": "brain-train",
  "version": "1.0.0",
  "lockfileVersion": 1,
  "requires": true,
  "dependencies": {
    "@types/lodash": {
      "version": "4.14.155",
      "resolved": "https://registry.npmjs.org/@types/lodash/-/lodash-4.14.155.tgz",
      "integrity": "sha512-vEcX7S7aPhsBCivxMwAANQburHBtfN9RdyXFk84IJmu2Z4Hkg1tOFgaslRiEqqvoLtbCBi6ika1EMspE+NZ9Lg==",
      "dev": true
    },
    "@types/uuid": {
      "version": "7.0.3",
      "resolved": "https://registry.npmjs.org/@types/uuid/-/uuid-7.0.3.tgz",
      "integrity": "sha512-PUdqTZVrNYTNcIhLHkiaYzoOIaUi5LFg/XLerAdgvwQrUCx+oSbtoBze1AMyvYbcwzUSNC+Isl58SM4Sm/6COw==",
      "dev": true
    },
    "lodash": {
      "version": "4.17.15",
      "resolved": "https://registry.npmjs.org/lodash/-/lodash-4.17.15.tgz",
      "integrity": "sha512-8xOcRHvCjnocdS5cpwXQXVzmmh5e5+saE2QGoeQmbKmRS6J3VQppPOIt0MnmE+4xlZoumy0GPG0D0MVIQbNA1A=="
    },
    "typescript": {
      "version": "3.9.2",
      "resolved": "https://registry.npmjs.org/typescript/-/typescript-3.9.2.tgz",
      "integrity": "sha512-q2ktq4n/uLuNNShyayit+DTobV2ApPEo/6so68JaD5ojvc/6GClBipedB9zNWYxRSAlZXAe405Rlijzl6qDiSw==",
      "dev": true
    },
    "uuid": {
      "version": "8.0.0",
      "resolved": "https://registry.npmjs.org/uuid/-/uuid-8.0.0.tgz",
      "integrity": "sha512-jOXGuXZAWdsTH7eZLtyXMqUb9EcWMGZNbL9YcGBJl4MH4nrxHmZJhEHvyLFrkxo+28uLb/NYRcStH48fnD0Vzw=="
    }
  }
}
